
Microsoft Visual Studio Solution File, Format Version 12.00
# Visual Studio Version 17
VisualStudioVersion = 17.4.33213.308
MinimumVisualStudioVersion = 10.0.40219.1
Project("{FAE04EC0-301F-11D3-BF4B-00C04F79EFBC}") = "CShapImprove", "CShapImprove.csproj", "{AB4266BF-0B4F-42F2-BD87-AD575A901BB6}"
EndProject
Global
	GlobalSection(SolutionConfigurationPlatforms) = preSolution
		Debug|Any CPU = Debug|Any CPU
		Release|Any CPU = Release|Any CPU
	EndGlobalSection
	GlobalSection(ProjectConfigurationPlatforms) = postSolution
		{AB4266BF-0B4F-42F2-BD87-AD575A901BB6}.Debug|Any CPU.ActiveCfg = Debug|Any CPU
		{AB4266BF-0B4F-42F2-BD87-AD575A901BB6}.Debug|Any CPU.Build.0 = Debug|Any CPU
		{AB4266BF-0B4F-42F2-BD87-AD575A901BB6}.Release|Any CPU.ActiveCfg = Release|Any CPU
		{AB4266BF-0B4F-42F2-BD87-AD575A901BB6}.Release|Any CPU.Build.0 = Release|Any CPU
	EndGlobalSection
	GlobalSection(SolutionProperties) = preSolution
		HideSolutionNode = FALSE
	EndGlobalSection
	GlobalSection(ExtensibilityGlobals) = postSolution
		SolutionGuid = {CCC91FE0-0F07-4FA6-ACAC-14A9364E5492}
	EndGlobalSection
EndGlobal
